
Microsoft Visual Studio Solution File, Format Version 12.00
Project("{2150E333-8FDC-42A3-9474-1A3956D46DE8}") = "Services", "Services", "{FFE6BE3A-81B0-40D3-B605-2BC56F0EB170}"
	ProjectSection(SolutionItems) = preProject
		Services\docker-compose.dev.yml = Services\docker-compose.dev.yml
	EndProjectSection
EndProject
Project("{FAE04EC0-301F-11D3-BF4B-00C04F79EFBC}") = "Users.Api", "Services\Users\Users.Api\Users.Api.csproj", "{D050A73C-FDEF-4C5A-A7BA-6807D0E08C12}"
EndProject
Project("{2150E333-8FDC-42A3-9474-1A3956D46DE8}") = "Solution Items", "Solution Items", "{20DF001B-A316-4150-8652-05A5949996C0}"
	ProjectSection(SolutionItems) = preProject
		docker-compose.yml = docker-compose.yml
	EndProjectSection
EndProject
Project("{2150E333-8FDC-42A3-9474-1A3956D46DE8}") = "Users", "Users", "{17548CBF-F20E-4545-9EDB-77E675D4288E}"
EndProject
Project("{FAE04EC0-301F-11D3-BF4B-00C04F79EFBC}") = "Users.Domain", "Services\Users\Users.Domain\Users.Domain.csproj", "{0374A564-B340-4928-A36B-C3C562A6EC9A}"
EndProject
Project("{FAE04EC0-301F-11D3-BF4B-00C04F79EFBC}") = "Users.Infrastructure", "Services\Users\Users.Infrastructure\Users.Infrastructure.csproj", "{DB2B8577-828B-4E27-90BA-0538884773AD}"
EndProject
Project("{FAE04EC0-301F-11D3-BF4B-00C04F79EFBC}") = "Users.Application", "Services\Users\Users.Application\Users.Application.csproj", "{A98D09EF-A1AA-444D-A0ED-9FCB1EE30BD2}"
EndProject
Project("{FAE04EC0-301F-11D3-BF4B-00C04F79EFBC}") = "Abstractions", "Shared\Abstractions\Abstractions.csproj", "{86C7D1C0-EEF2-4672-B776-A35E1320FA6D}"
EndProject
Project("{2150E333-8FDC-42A3-9474-1A3956D46DE8}") = "Products", "Products", "{959AEFF5-2F02-4971-AD01-B240E7541BA8}"
EndProject
Project("{FAE04EC0-301F-11D3-BF4B-00C04F79EFBC}") = "Products.Api", "Services\Products\Products.Api\Products.Api.csproj", "{F92EFBF2-3C0F-4379-AF0D-E81A07E33FC4}"
EndProject
Project("{FAE04EC0-301F-11D3-BF4B-00C04F79EFBC}") = "Products.Infrastructure", "Services\Products\Products.Infrastructure\Products.Infrastructure.csproj", "{B109D929-6A98-4458-BF52-324EBB7C3109}"
EndProject
Project("{FAE04EC0-301F-11D3-BF4B-00C04F79EFBC}") = "Products.Domain", "Services\Products\Products.Domain\Products.Domain.csproj", "{C4DAFC1B-EBD8-4900-A41C-D00BEF8D462C}"
EndProject
Project("{FAE04EC0-301F-11D3-BF4B-00C04F79EFBC}") = "Products.Application", "Services\Products\Products.Application\Products.Application.csproj", "{C0F0FC5A-207B-4366-B37C-42AB840AAC7F}"
EndProject
Project("{2150E333-8FDC-42A3-9474-1A3956D46DE8}") = "Inventory", "Inventory", "{0DA4219E-1352-42A5-9881-15FD12C4E1C9}"
EndProject
Project("{FAE04EC0-301F-11D3-BF4B-00C04F79EFBC}") = "Inventory.Infrastructure", "Services\Inventory\Inventory.Infrastructure\Inventory.Infrastructure.csproj", "{2AA00AD1-1628-4672-B19D-0292DFE01BEC}"
EndProject
Project("{FAE04EC0-301F-11D3-BF4B-00C04F79EFBC}") = "Inventory.Domain", "Services\Inventory\Inventory.Domain\Inventory.Domain.csproj", "{31C6E2F2-4AE0-4CA3-A772-A5D3E524ED84}"
EndProject
Project("{FAE04EC0-301F-11D3-BF4B-00C04F79EFBC}") = "Inventory.Application", "Services\Inventory\Inventory.Application\Inventory.Application.csproj", "{26143A50-0D16-406C-8E0C-3C9CCDFDF7BD}"
EndProject
Project("{FAE04EC0-301F-11D3-BF4B-00C04F79EFBC}") = "Inventory.Api", "Services\Inventory\Inventory.Api\Inventory.Api.csproj", "{2B822F2E-8445-4A22-981F-62390F2555E1}"
EndProject
Project("{2150E333-8FDC-42A3-9474-1A3956D46DE8}") = "Shared", "Shared", "{4AD8DB6E-265A-4DE0-8E00-3DABF7CBF739}"
EndProject
Global
	GlobalSection(SolutionConfigurationPlatforms) = preSolution
		Debug|Any CPU = Debug|Any CPU
		Release|Any CPU = Release|Any CPU
	EndGlobalSection
	GlobalSection(ProjectConfigurationPlatforms) = postSolution
		{D050A73C-FDEF-4C5A-A7BA-6807D0E08C12}.Debug|Any CPU.ActiveCfg = Debug|Any CPU
		{D050A73C-FDEF-4C5A-A7BA-6807D0E08C12}.Debug|Any CPU.Build.0 = Debug|Any CPU
		{D050A73C-FDEF-4C5A-A7BA-6807D0E08C12}.Release|Any CPU.ActiveCfg = Release|Any CPU
		{D050A73C-FDEF-4C5A-A7BA-6807D0E08C12}.Release|Any CPU.Build.0 = Release|Any CPU
		{0374A564-B340-4928-A36B-C3C562A6EC9A}.Debug|Any CPU.ActiveCfg = Debug|Any CPU
		{0374A564-B340-4928-A36B-C3C562A6EC9A}.Debug|Any CPU.Build.0 = Debug|Any CPU
		{0374A564-B340-4928-A36B-C3C562A6EC9A}.Release|Any CPU.ActiveCfg = Release|Any CPU
		{0374A564-B340-4928-A36B-C3C562A6EC9A}.Release|Any CPU.Build.0 = Release|Any CPU
		{DB2B8577-828B-4E27-90BA-0538884773AD}.Debug|Any CPU.ActiveCfg = Debug|Any CPU
		{DB2B8577-828B-4E27-90BA-0538884773AD}.Debug|Any CPU.Build.0 = Debug|Any CPU
		{DB2B8577-828B-4E27-90BA-0538884773AD}.Release|Any CPU.ActiveCfg = Release|Any CPU
		{DB2B8577-828B-4E27-90BA-0538884773AD}.Release|Any CPU.Build.0 = Release|Any CPU
		{A98D09EF-A1AA-444D-A0ED-9FCB1EE30BD2}.Debug|Any CPU.ActiveCfg = Debug|Any CPU
		{A98D09EF-A1AA-444D-A0ED-9FCB1EE30BD2}.Debug|Any CPU.Build.0 = Debug|Any CPU
		{A98D09EF-A1AA-444D-A0ED-9FCB1EE30BD2}.Release|Any CPU.ActiveCfg = Release|Any CPU
		{A98D09EF-A1AA-444D-A0ED-9FCB1EE30BD2}.Release|Any CPU.Build.0 = Release|Any CPU
		{86C7D1C0-EEF2-4672-B776-A35E1320FA6D}.Debug|Any CPU.ActiveCfg = Debug|Any CPU
		{86C7D1C0-EEF2-4672-B776-A35E1320FA6D}.Debug|Any CPU.Build.0 = Debug|Any CPU
		{86C7D1C0-EEF2-4672-B776-A35E1320FA6D}.Release|Any CPU.ActiveCfg = Release|Any CPU
		{86C7D1C0-EEF2-4672-B776-A35E1320FA6D}.Release|Any CPU.Build.0 = Release|Any CPU
		{F92EFBF2-3C0F-4379-AF0D-E81A07E33FC4}.Debug|Any CPU.ActiveCfg = Debug|Any CPU
		{F92EFBF2-3C0F-4379-AF0D-E81A07E33FC4}.Debug|Any CPU.Build.0 = Debug|Any CPU
		{F92EFBF2-3C0F-4379-AF0D-E81A07E33FC4}.Release|Any CPU.ActiveCfg = Release|Any CPU
		{F92EFBF2-3C0F-4379-AF0D-E81A07E33FC4}.Release|Any CPU.Build.0 = Release|Any CPU
		{B109D929-6A98-4458-BF52-324EBB7C3109}.Debug|Any CPU.ActiveCfg = Debug|Any CPU
		{B109D929-6A98-4458-BF52-324EBB7C3109}.Debug|Any CPU.Build.0 = Debug|Any CPU
		{B109D929-6A98-4458-BF52-324EBB7C3109}.Release|Any CPU.ActiveCfg = Release|Any CPU
		{B109D929-6A98-4458-BF52-324EBB7C3109}.Release|Any CPU.Build.0 = Release|Any CPU
		{C4DAFC1B-EBD8-4900-A41C-D00BEF8D462C}.Debug|Any CPU.ActiveCfg = Debug|Any CPU
		{C4DAFC1B-EBD8-4900-A41C-D00BEF8D462C}.Debug|Any CPU.Build.0 = Debug|Any CPU
		{C4DAFC1B-EBD8-4900-A41C-D00BEF8D462C}.Release|Any CPU.ActiveCfg = Release|Any CPU
		{C4DAFC1B-EBD8-4900-A41C-D00BEF8D462C}.Release|Any CPU.Build.0 = Release|Any CPU
		{C0F0FC5A-207B-4366-B37C-42AB840AAC7F}.Debug|Any CPU.ActiveCfg = Debug|Any CPU
		{C0F0FC5A-207B-4366-B37C-42AB840AAC7F}.Debug|Any CPU.Build.0 = Debug|Any CPU
		{C0F0FC5A-207B-4366-B37C-42AB840AAC7F}.Release|Any CPU.ActiveCfg = Release|Any CPU
		{C0F0FC5A-207B-4366-B37C-42AB840AAC7F}.Release|Any CPU.Build.0 = Release|Any CPU
		{2AA00AD1-1628-4672-B19D-0292DFE01BEC}.Debug|Any CPU.ActiveCfg = Debug|Any CPU
		{2AA00AD1-1628-4672-B19D-0292DFE01BEC}.Debug|Any CPU.Build.0 = Debug|Any CPU
		{2AA00AD1-1628-4672-B19D-0292DFE01BEC}.Release|Any CPU.ActiveCfg = Release|Any CPU
		{2AA00AD1-1628-4672-B19D-0292DFE01BEC}.Release|Any CPU.Build.0 = Release|Any CPU
		{31C6E2F2-4AE0-4CA3-A772-A5D3E524ED84}.Debug|Any CPU.ActiveCfg = Debug|Any CPU
		{31C6E2F2-4AE0-4CA3-A772-A5D3E524ED84}.Debug|Any CPU.Build.0 = Debug|Any CPU
		{31C6E2F2-4AE0-4CA3-A772-A5D3E524ED84}.Release|Any CPU.ActiveCfg = Release|Any CPU
		{31C6E2F2-4AE0-4CA3-A772-A5D3E524ED84}.Release|Any CPU.Build.0 = Release|Any CPU
		{26143A50-0D16-406C-8E0C-3C9CCDFDF7BD}.Debug|Any CPU.ActiveCfg = Debug|Any CPU
		{26143A50-0D16-406C-8E0C-3C9CCDFDF7BD}.Debug|Any CPU.Build.0 = Debug|Any CPU
		{26143A50-0D16-406C-8E0C-3C9CCDFDF7BD}.Release|Any CPU.ActiveCfg = Release|Any CPU
		{26143A50-0D16-406C-8E0C-3C9CCDFDF7BD}.Release|Any CPU.Build.0 = Release|Any CPU
		{2B822F2E-8445-4A22-981F-62390F2555E1}.Debug|Any CPU.ActiveCfg = Debug|Any CPU
		{2B822F2E-8445-4A22-981F-62390F2555E1}.Debug|Any CPU.Build.0 = Debug|Any CPU
		{2B822F2E-8445-4A22-981F-62390F2555E1}.Release|Any CPU.ActiveCfg = Release|Any CPU
		{2B822F2E-8445-4A22-981F-62390F2555E1}.Release|Any CPU.Build.0 = Release|Any CPU
	EndGlobalSection
	GlobalSection(NestedProjects) = preSolution
		{959AEFF5-2F02-4971-AD01-B240E7541BA8} = {FFE6BE3A-81B0-40D3-B605-2BC56F0EB170}
		{F92EFBF2-3C0F-4379-AF0D-E81A07E33FC4} = {959AEFF5-2F02-4971-AD01-B240E7541BA8}
		{B109D929-6A98-4458-BF52-324EBB7C3109} = {959AEFF5-2F02-4971-AD01-B240E7541BA8}
		{C4DAFC1B-EBD8-4900-A41C-D00BEF8D462C} = {959AEFF5-2F02-4971-AD01-B240E7541BA8}
		{C0F0FC5A-207B-4366-B37C-42AB840AAC7F} = {959AEFF5-2F02-4971-AD01-B240E7541BA8}
		{17548CBF-F20E-4545-9EDB-77E675D4288E} = {FFE6BE3A-81B0-40D3-B605-2BC56F0EB170}
		{0DA4219E-1352-42A5-9881-15FD12C4E1C9} = {FFE6BE3A-81B0-40D3-B605-2BC56F0EB170}
		{2AA00AD1-1628-4672-B19D-0292DFE01BEC} = {0DA4219E-1352-42A5-9881-15FD12C4E1C9}
		{31C6E2F2-4AE0-4CA3-A772-A5D3E524ED84} = {0DA4219E-1352-42A5-9881-15FD12C4E1C9}
		{26143A50-0D16-406C-8E0C-3C9CCDFDF7BD} = {0DA4219E-1352-42A5-9881-15FD12C4E1C9}
		{2B822F2E-8445-4A22-981F-62390F2555E1} = {0DA4219E-1352-42A5-9881-15FD12C4E1C9}
		{A98D09EF-A1AA-444D-A0ED-9FCB1EE30BD2} = {17548CBF-F20E-4545-9EDB-77E675D4288E}
		{D050A73C-FDEF-4C5A-A7BA-6807D0E08C12} = {17548CBF-F20E-4545-9EDB-77E675D4288E}
		{0374A564-B340-4928-A36B-C3C562A6EC9A} = {17548CBF-F20E-4545-9EDB-77E675D4288E}
		{DB2B8577-828B-4E27-90BA-0538884773AD} = {17548CBF-F20E-4545-9EDB-77E675D4288E}
		{86C7D1C0-EEF2-4672-B776-A35E1320FA6D} = {4AD8DB6E-265A-4DE0-8E00-3DABF7CBF739}
	EndGlobalSection
EndGlobal
