
Microsoft Visual Studio Solution File, Format Version 12.00
Project("{2150E333-8FDC-42A3-9474-1A3956D46DE8}") = "Services", "Services", "{FFE6BE3A-81B0-40D3-B605-2BC56F0EB170}"
	ProjectSection(SolutionItems) = preProject
		Services\docker-compose.dev.yml = Services\docker-compose.dev.yml
	EndProjectSection
EndProject
Project("{FAE04EC0-301F-11D3-BF4B-00C04F79EFBC}") = "Users.Api", "Services\Users\Users.Api\Users.Api.csproj", "{D050A73C-FDEF-4C5A-A7BA-6807D0E08C12}"
EndProject
Project("{2150E333-8FDC-42A3-9474-1A3956D46DE8}") = "Solution Items", "Solution Items", "{20DF001B-A316-4150-8652-05A5949996C0}"
	ProjectSection(SolutionItems) = preProject
		docker-compose.yml = docker-compose.yml
	EndProjectSection
EndProject
Project("{2150E333-8FDC-42A3-9474-1A3956D46DE8}") = "Users", "Users", "{17548CBF-F20E-4545-9EDB-77E675D4288E}"
EndProject
Project("{FAE04EC0-301F-11D3-BF4B-00C04F79EFBC}") = "Users.Domain", "Services\Users\Users.Domain\Users.Domain.csproj", "{0374A564-B340-4928-A36B-C3C562A6EC9A}"
EndProject
Project("{FAE04EC0-301F-11D3-BF4B-00C04F79EFBC}") = "Users.Infrastructure", "Services\Users\Users.Infrastructure\Users.Infrastructure.csproj", "{DB2B8577-828B-4E27-90BA-0538884773AD}"
EndProject
Project("{FAE04EC0-301F-11D3-BF4B-00C04F79EFBC}") = "Users.Application", "Services\Users\Users.Application\Users.Application.csproj", "{A98D09EF-A1AA-444D-A0ED-9FCB1EE30BD2}"
EndProject
Project("{FAE04EC0-301F-11D3-BF4B-00C04F79EFBC}") = "Abstractions", "Shared\Abstractions\Abstractions.csproj", "{86C7D1C0-EEF2-4672-B776-A35E1320FA6D}"
EndProject
Project("{2150E333-8FDC-42A3-9474-1A3956D46DE8}") = "Products", "Products", "{959AEFF5-2F02-4971-AD01-B240E7541BA8}"
EndProject
Project("{FAE04EC0-301F-11D3-BF4B-00C04F79EFBC}") = "Products.Api", "Services\Products\Products.Api\Products.Api.csproj", "{F92EFBF2-3C0F-4379-AF0D-E81A07E33FC4}"
EndProject
Project("{FAE04EC0-301F-11D3-BF4B-00C04F79EFBC}") = "Products.Infrastructure", "Services\Products\Products.Infrastructure\Products.Infrastructure.csproj", "{B109D929-6A98-4458-BF52-324EBB7C3109}"
EndProject
Project("{FAE04EC0-301F-11D3-BF4B-00C04F79EFBC}") = "Products.Domain", "Services\Products\Products.Domain\Products.Domain.csproj", "{C4DAFC1B-EBD8-4900-A41C-D00BEF8D462C}"
EndProject
Project("{FAE04EC0-301F-11D3-BF4B-00C04F79EFBC}") = "Products.Application", "Services\Products\Products.Application\Products.Application.csproj", "{C0F0FC5A-207B-4366-B37C-42AB840AAC7F}"
EndProject
Project("{2150E333-8FDC-42A3-9474-1A3956D46DE8}") = "Inventory", "Inventory", "{0DA4219E-1352-42A5-9881-15FD12C4E1C9}"
EndProject
Project("{FAE04EC0-301F-11D3-BF4B-00C04F79EFBC}") = "Inventory.Infrastructure", "Services\Inventory\Inventory.Infrastructure\Inventory.Infrastructure.csproj", "{2AA00AD1-1628-4672-B19D-0292DFE01BEC}"
EndProject
Project("{FAE04EC0-301F-11D3-BF4B-00C04F79EFBC}") = "Inventory.Domain", "Services\Inventory\Inventory.Domain\Inventory.Domain.csproj", "{31C6E2F2-4AE0-4CA3-A772-A5D3E524ED84}"
EndProject
Project("{FAE04EC0-301F-11D3-BF4B-00C04F79EFBC}") = "Inventory.Application", "Services\Inventory\Inventory.Application\Inventory.Application.csproj", "{26143A50-0D16-406C-8E0C-3C9CCDFDF7BD}"
EndProject
Project("{FAE04EC0-301F-11D3-BF4B-00C04F79EFBC}") = "Inventory.Api", "Services\Inventory\Inventory.Api\Inventory.Api.csproj", "{2B822F2E-8445-4A22-981F-62390F2555E1}"
EndProject
Project("{2150E333-8FDC-42A3-9474-1A3956D46DE8}") = "Shared", "Shared", "{4AD8DB6E-265A-4DE0-8E00-3DABF7CBF739}"
EndProject
Project("{FAE04EC0-301F-11D3-BF4B-00C04F79EFBC}") = "Shared.Contracts", "Shared\Shared.Contracts\Shared.Contracts.csproj", "{60DBF145-7EF5-4D25-9C5E-CFC95B25DEE2}"
EndProject
Project("{FAE04EC0-301F-11D3-BF4B-00C04F79EFBC}") = "ECommerce.Services.AppHost", "Services\ECommerce.Services.AppHost\ECommerce.Services.AppHost.csproj", "{CB34335E-3ECE-4690-BBAB-00403DE40092}"
EndProject
Project("{2150E333-8FDC-42A3-9474-1A3956D46DE8}") = "Orders", "Orders", "{6B6D797D-79D0-494B-9BF2-47FDC218790B}"
EndProject
Project("{FAE04EC0-301F-11D3-BF4B-00C04F79EFBC}") = "Orders.Domain", "Services\Orders\Orders.Domain\Orders.Domain.csproj", "{3489FAE1-B296-477C-8B87-8E1D4A22AB8D}"
EndProject
Project("{FAE04EC0-301F-11D3-BF4B-00C04F79EFBC}") = "Orders.Infrastructure", "Services\Orders\Orders.Infrastructure\Orders.Infrastructure.csproj", "{91BC247A-D903-49FA-9463-46A8FBFB2F6A}"
EndProject
Project("{FAE04EC0-301F-11D3-BF4B-00C04F79EFBC}") = "Orders.Application", "Services\Orders\Orders.Application\Orders.Application.csproj", "{E8739AB5-6095-4D67-96E5-B32A31F7DBF8}"
EndProject
Project("{FAE04EC0-301F-11D3-BF4B-00C04F79EFBC}") = "Orders.Api", "Services\Orders\Orders.Api\Orders.Api.csproj", "{FD84F252-73D6-4A17-ADC4-87FA4AC0CA1C}"
EndProject
Project("{2150E333-8FDC-42A3-9474-1A3956D46DE8}") = "Notifications", "Notifications", "{AE04C819-7E9C-4077-A8CA-BBE1DD47550F}"
EndProject
Project("{FAE04EC0-301F-11D3-BF4B-00C04F79EFBC}") = "Notifications.Api", "Services\Notifications\Notifications.Api\Notifications.Api.csproj", "{CE2924E4-BAB0-4C26-AE04-DF7D59B7AEC7}"
EndProject
Project("{FAE04EC0-301F-11D3-BF4B-00C04F79EFBC}") = "Notifications.Domain", "Services\Notifications\Notifications.Domain\Notifications.Domain.csproj", "{16116CAB-DC52-42C2-BBAD-0689B45EA898}"
EndProject
Project("{FAE04EC0-301F-11D3-BF4B-00C04F79EFBC}") = "Notifications.Infrastructure", "Services\Notifications\Notifications.Infrastructure\Notifications.Infrastructure.csproj", "{02BA175A-1378-49FE-BB8B-6F4305DCE064}"
EndProject
Project("{FAE04EC0-301F-11D3-BF4B-00C04F79EFBC}") = "Notifications.Application", "Services\Notifications\Notifications.Application\Notifications.Application.csproj", "{F8DEC5A9-6026-4D17-A1A8-80EE0C79D614}"
EndProject
Project("{FAE04EC0-301F-11D3-BF4B-00C04F79EFBC}") = "AppTestUI", "Services\AppTestUI\AppTestUI.csproj", "{A02E489D-9E85-458B-91DB-AEE2FE546956}"
EndProject
Project("{2150E333-8FDC-42A3-9474-1A3956D46DE8}") = "pgbouncer-config", "pgbouncer-config", "{56A7E711-7CDE-4025-AB97-4E9B596782DF}"
	ProjectSection(SolutionItems) = preProject
		Services\pgbouncer-config\pgbouncer.ini = Services\pgbouncer-config\pgbouncer.ini
		Services\pgbouncer-config\userlist.txt = Services\pgbouncer-config\userlist.txt
	EndProjectSection
EndProject
Global
	GlobalSection(SolutionConfigurationPlatforms) = preSolution
		Debug|Any CPU = Debug|Any CPU
		Release|Any CPU = Release|Any CPU
	EndGlobalSection
	GlobalSection(ProjectConfigurationPlatforms) = postSolution
		{D050A73C-FDEF-4C5A-A7BA-6807D0E08C12}.Debug|Any CPU.ActiveCfg = Debug|Any CPU
		{D050A73C-FDEF-4C5A-A7BA-6807D0E08C12}.Debug|Any CPU.Build.0 = Debug|Any CPU
		{D050A73C-FDEF-4C5A-A7BA-6807D0E08C12}.Release|Any CPU.ActiveCfg = Release|Any CPU
		{D050A73C-FDEF-4C5A-A7BA-6807D0E08C12}.Release|Any CPU.Build.0 = Release|Any CPU
		{0374A564-B340-4928-A36B-C3C562A6EC9A}.Debug|Any CPU.ActiveCfg = Debug|Any CPU
		{0374A564-B340-4928-A36B-C3C562A6EC9A}.Debug|Any CPU.Build.0 = Debug|Any CPU
		{0374A564-B340-4928-A36B-C3C562A6EC9A}.Release|Any CPU.ActiveCfg = Release|Any CPU
		{0374A564-B340-4928-A36B-C3C562A6EC9A}.Release|Any CPU.Build.0 = Release|Any CPU
		{DB2B8577-828B-4E27-90BA-0538884773AD}.Debug|Any CPU.ActiveCfg = Debug|Any CPU
		{DB2B8577-828B-4E27-90BA-0538884773AD}.Debug|Any CPU.Build.0 = Debug|Any CPU
		{DB2B8577-828B-4E27-90BA-0538884773AD}.Release|Any CPU.ActiveCfg = Release|Any CPU
		{DB2B8577-828B-4E27-90BA-0538884773AD}.Release|Any CPU.Build.0 = Release|Any CPU
		{A98D09EF-A1AA-444D-A0ED-9FCB1EE30BD2}.Debug|Any CPU.ActiveCfg = Debug|Any CPU
		{A98D09EF-A1AA-444D-A0ED-9FCB1EE30BD2}.Debug|Any CPU.Build.0 = Debug|Any CPU
		{A98D09EF-A1AA-444D-A0ED-9FCB1EE30BD2}.Release|Any CPU.ActiveCfg = Release|Any CPU
		{A98D09EF-A1AA-444D-A0ED-9FCB1EE30BD2}.Release|Any CPU.Build.0 = Release|Any CPU
		{86C7D1C0-EEF2-4672-B776-A35E1320FA6D}.Debug|Any CPU.ActiveCfg = Debug|Any CPU
		{86C7D1C0-EEF2-4672-B776-A35E1320FA6D}.Debug|Any CPU.Build.0 = Debug|Any CPU
		{86C7D1C0-EEF2-4672-B776-A35E1320FA6D}.Release|Any CPU.ActiveCfg = Release|Any CPU
		{86C7D1C0-EEF2-4672-B776-A35E1320FA6D}.Release|Any CPU.Build.0 = Release|Any CPU
		{F92EFBF2-3C0F-4379-AF0D-E81A07E33FC4}.Debug|Any CPU.ActiveCfg = Debug|Any CPU
		{F92EFBF2-3C0F-4379-AF0D-E81A07E33FC4}.Debug|Any CPU.Build.0 = Debug|Any CPU
		{F92EFBF2-3C0F-4379-AF0D-E81A07E33FC4}.Release|Any CPU.ActiveCfg = Release|Any CPU
		{F92EFBF2-3C0F-4379-AF0D-E81A07E33FC4}.Release|Any CPU.Build.0 = Release|Any CPU
		{B109D929-6A98-4458-BF52-324EBB7C3109}.Debug|Any CPU.ActiveCfg = Debug|Any CPU
		{B109D929-6A98-4458-BF52-324EBB7C3109}.Debug|Any CPU.Build.0 = Debug|Any CPU
		{B109D929-6A98-4458-BF52-324EBB7C3109}.Release|Any CPU.ActiveCfg = Release|Any CPU
		{B109D929-6A98-4458-BF52-324EBB7C3109}.Release|Any CPU.Build.0 = Release|Any CPU
		{C4DAFC1B-EBD8-4900-A41C-D00BEF8D462C}.Debug|Any CPU.ActiveCfg = Debug|Any CPU
		{C4DAFC1B-EBD8-4900-A41C-D00BEF8D462C}.Debug|Any CPU.Build.0 = Debug|Any CPU
		{C4DAFC1B-EBD8-4900-A41C-D00BEF8D462C}.Release|Any CPU.ActiveCfg = Release|Any CPU
		{C4DAFC1B-EBD8-4900-A41C-D00BEF8D462C}.Release|Any CPU.Build.0 = Release|Any CPU
		{C0F0FC5A-207B-4366-B37C-42AB840AAC7F}.Debug|Any CPU.ActiveCfg = Debug|Any CPU
		{C0F0FC5A-207B-4366-B37C-42AB840AAC7F}.Debug|Any CPU.Build.0 = Debug|Any CPU
		{C0F0FC5A-207B-4366-B37C-42AB840AAC7F}.Release|Any CPU.ActiveCfg = Release|Any CPU
		{C0F0FC5A-207B-4366-B37C-42AB840AAC7F}.Release|Any CPU.Build.0 = Release|Any CPU
		{2AA00AD1-1628-4672-B19D-0292DFE01BEC}.Debug|Any CPU.ActiveCfg = Debug|Any CPU
		{2AA00AD1-1628-4672-B19D-0292DFE01BEC}.Debug|Any CPU.Build.0 = Debug|Any CPU
		{2AA00AD1-1628-4672-B19D-0292DFE01BEC}.Release|Any CPU.ActiveCfg = Release|Any CPU
		{2AA00AD1-1628-4672-B19D-0292DFE01BEC}.Release|Any CPU.Build.0 = Release|Any CPU
		{31C6E2F2-4AE0-4CA3-A772-A5D3E524ED84}.Debug|Any CPU.ActiveCfg = Debug|Any CPU
		{31C6E2F2-4AE0-4CA3-A772-A5D3E524ED84}.Debug|Any CPU.Build.0 = Debug|Any CPU
		{31C6E2F2-4AE0-4CA3-A772-A5D3E524ED84}.Release|Any CPU.ActiveCfg = Release|Any CPU
		{31C6E2F2-4AE0-4CA3-A772-A5D3E524ED84}.Release|Any CPU.Build.0 = Release|Any CPU
		{26143A50-0D16-406C-8E0C-3C9CCDFDF7BD}.Debug|Any CPU.ActiveCfg = Debug|Any CPU
		{26143A50-0D16-406C-8E0C-3C9CCDFDF7BD}.Debug|Any CPU.Build.0 = Debug|Any CPU
		{26143A50-0D16-406C-8E0C-3C9CCDFDF7BD}.Release|Any CPU.ActiveCfg = Release|Any CPU
		{26143A50-0D16-406C-8E0C-3C9CCDFDF7BD}.Release|Any CPU.Build.0 = Release|Any CPU
		{2B822F2E-8445-4A22-981F-62390F2555E1}.Debug|Any CPU.ActiveCfg = Debug|Any CPU
		{2B822F2E-8445-4A22-981F-62390F2555E1}.Debug|Any CPU.Build.0 = Debug|Any CPU
		{2B822F2E-8445-4A22-981F-62390F2555E1}.Release|Any CPU.ActiveCfg = Release|Any CPU
		{2B822F2E-8445-4A22-981F-62390F2555E1}.Release|Any CPU.Build.0 = Release|Any CPU
		{60DBF145-7EF5-4D25-9C5E-CFC95B25DEE2}.Debug|Any CPU.ActiveCfg = Debug|Any CPU
		{60DBF145-7EF5-4D25-9C5E-CFC95B25DEE2}.Debug|Any CPU.Build.0 = Debug|Any CPU
		{60DBF145-7EF5-4D25-9C5E-CFC95B25DEE2}.Release|Any CPU.ActiveCfg = Release|Any CPU
		{60DBF145-7EF5-4D25-9C5E-CFC95B25DEE2}.Release|Any CPU.Build.0 = Release|Any CPU
		{CB34335E-3ECE-4690-BBAB-00403DE40092}.Debug|Any CPU.ActiveCfg = Debug|Any CPU
		{CB34335E-3ECE-4690-BBAB-00403DE40092}.Debug|Any CPU.Build.0 = Debug|Any CPU
		{CB34335E-3ECE-4690-BBAB-00403DE40092}.Release|Any CPU.ActiveCfg = Release|Any CPU
		{CB34335E-3ECE-4690-BBAB-00403DE40092}.Release|Any CPU.Build.0 = Release|Any CPU
		{3489FAE1-B296-477C-8B87-8E1D4A22AB8D}.Debug|Any CPU.ActiveCfg = Debug|Any CPU
		{3489FAE1-B296-477C-8B87-8E1D4A22AB8D}.Debug|Any CPU.Build.0 = Debug|Any CPU
		{3489FAE1-B296-477C-8B87-8E1D4A22AB8D}.Release|Any CPU.ActiveCfg = Release|Any CPU
		{3489FAE1-B296-477C-8B87-8E1D4A22AB8D}.Release|Any CPU.Build.0 = Release|Any CPU
		{91BC247A-D903-49FA-9463-46A8FBFB2F6A}.Debug|Any CPU.ActiveCfg = Debug|Any CPU
		{91BC247A-D903-49FA-9463-46A8FBFB2F6A}.Debug|Any CPU.Build.0 = Debug|Any CPU
		{91BC247A-D903-49FA-9463-46A8FBFB2F6A}.Release|Any CPU.ActiveCfg = Release|Any CPU
		{91BC247A-D903-49FA-9463-46A8FBFB2F6A}.Release|Any CPU.Build.0 = Release|Any CPU
		{E8739AB5-6095-4D67-96E5-B32A31F7DBF8}.Debug|Any CPU.ActiveCfg = Debug|Any CPU
		{E8739AB5-6095-4D67-96E5-B32A31F7DBF8}.Debug|Any CPU.Build.0 = Debug|Any CPU
		{E8739AB5-6095-4D67-96E5-B32A31F7DBF8}.Release|Any CPU.ActiveCfg = Release|Any CPU
		{E8739AB5-6095-4D67-96E5-B32A31F7DBF8}.Release|Any CPU.Build.0 = Release|Any CPU
		{FD84F252-73D6-4A17-ADC4-87FA4AC0CA1C}.Debug|Any CPU.ActiveCfg = Debug|Any CPU
		{FD84F252-73D6-4A17-ADC4-87FA4AC0CA1C}.Debug|Any CPU.Build.0 = Debug|Any CPU
		{FD84F252-73D6-4A17-ADC4-87FA4AC0CA1C}.Release|Any CPU.ActiveCfg = Release|Any CPU
		{FD84F252-73D6-4A17-ADC4-87FA4AC0CA1C}.Release|Any CPU.Build.0 = Release|Any CPU
		{CE2924E4-BAB0-4C26-AE04-DF7D59B7AEC7}.Debug|Any CPU.ActiveCfg = Debug|Any CPU
		{CE2924E4-BAB0-4C26-AE04-DF7D59B7AEC7}.Debug|Any CPU.Build.0 = Debug|Any CPU
		{CE2924E4-BAB0-4C26-AE04-DF7D59B7AEC7}.Release|Any CPU.ActiveCfg = Release|Any CPU
		{CE2924E4-BAB0-4C26-AE04-DF7D59B7AEC7}.Release|Any CPU.Build.0 = Release|Any CPU
		{16116CAB-DC52-42C2-BBAD-0689B45EA898}.Debug|Any CPU.ActiveCfg = Debug|Any CPU
		{16116CAB-DC52-42C2-BBAD-0689B45EA898}.Debug|Any CPU.Build.0 = Debug|Any CPU
		{16116CAB-DC52-42C2-BBAD-0689B45EA898}.Release|Any CPU.ActiveCfg = Release|Any CPU
		{16116CAB-DC52-42C2-BBAD-0689B45EA898}.Release|Any CPU.Build.0 = Release|Any CPU
		{02BA175A-1378-49FE-BB8B-6F4305DCE064}.Debug|Any CPU.ActiveCfg = Debug|Any CPU
		{02BA175A-1378-49FE-BB8B-6F4305DCE064}.Debug|Any CPU.Build.0 = Debug|Any CPU
		{02BA175A-1378-49FE-BB8B-6F4305DCE064}.Release|Any CPU.ActiveCfg = Release|Any CPU
		{02BA175A-1378-49FE-BB8B-6F4305DCE064}.Release|Any CPU.Build.0 = Release|Any CPU
		{F8DEC5A9-6026-4D17-A1A8-80EE0C79D614}.Debug|Any CPU.ActiveCfg = Debug|Any CPU
		{F8DEC5A9-6026-4D17-A1A8-80EE0C79D614}.Debug|Any CPU.Build.0 = Debug|Any CPU
		{F8DEC5A9-6026-4D17-A1A8-80EE0C79D614}.Release|Any CPU.ActiveCfg = Release|Any CPU
		{F8DEC5A9-6026-4D17-A1A8-80EE0C79D614}.Release|Any CPU.Build.0 = Release|Any CPU
		{A02E489D-9E85-458B-91DB-AEE2FE546956}.Debug|Any CPU.ActiveCfg = Debug|Any CPU
		{A02E489D-9E85-458B-91DB-AEE2FE546956}.Debug|Any CPU.Build.0 = Debug|Any CPU
		{A02E489D-9E85-458B-91DB-AEE2FE546956}.Release|Any CPU.ActiveCfg = Release|Any CPU
		{A02E489D-9E85-458B-91DB-AEE2FE546956}.Release|Any CPU.Build.0 = Release|Any CPU
	EndGlobalSection
	GlobalSection(NestedProjects) = preSolution
		{959AEFF5-2F02-4971-AD01-B240E7541BA8} = {FFE6BE3A-81B0-40D3-B605-2BC56F0EB170}
		{F92EFBF2-3C0F-4379-AF0D-E81A07E33FC4} = {959AEFF5-2F02-4971-AD01-B240E7541BA8}
		{B109D929-6A98-4458-BF52-324EBB7C3109} = {959AEFF5-2F02-4971-AD01-B240E7541BA8}
		{C4DAFC1B-EBD8-4900-A41C-D00BEF8D462C} = {959AEFF5-2F02-4971-AD01-B240E7541BA8}
		{C0F0FC5A-207B-4366-B37C-42AB840AAC7F} = {959AEFF5-2F02-4971-AD01-B240E7541BA8}
		{17548CBF-F20E-4545-9EDB-77E675D4288E} = {FFE6BE3A-81B0-40D3-B605-2BC56F0EB170}
		{0DA4219E-1352-42A5-9881-15FD12C4E1C9} = {FFE6BE3A-81B0-40D3-B605-2BC56F0EB170}
		{2AA00AD1-1628-4672-B19D-0292DFE01BEC} = {0DA4219E-1352-42A5-9881-15FD12C4E1C9}
		{31C6E2F2-4AE0-4CA3-A772-A5D3E524ED84} = {0DA4219E-1352-42A5-9881-15FD12C4E1C9}
		{26143A50-0D16-406C-8E0C-3C9CCDFDF7BD} = {0DA4219E-1352-42A5-9881-15FD12C4E1C9}
		{2B822F2E-8445-4A22-981F-62390F2555E1} = {0DA4219E-1352-42A5-9881-15FD12C4E1C9}
		{A98D09EF-A1AA-444D-A0ED-9FCB1EE30BD2} = {17548CBF-F20E-4545-9EDB-77E675D4288E}
		{D050A73C-FDEF-4C5A-A7BA-6807D0E08C12} = {17548CBF-F20E-4545-9EDB-77E675D4288E}
		{0374A564-B340-4928-A36B-C3C562A6EC9A} = {17548CBF-F20E-4545-9EDB-77E675D4288E}
		{DB2B8577-828B-4E27-90BA-0538884773AD} = {17548CBF-F20E-4545-9EDB-77E675D4288E}
		{86C7D1C0-EEF2-4672-B776-A35E1320FA6D} = {4AD8DB6E-265A-4DE0-8E00-3DABF7CBF739}
		{60DBF145-7EF5-4D25-9C5E-CFC95B25DEE2} = {4AD8DB6E-265A-4DE0-8E00-3DABF7CBF739}
		{CB34335E-3ECE-4690-BBAB-00403DE40092} = {FFE6BE3A-81B0-40D3-B605-2BC56F0EB170}
		{6B6D797D-79D0-494B-9BF2-47FDC218790B} = {FFE6BE3A-81B0-40D3-B605-2BC56F0EB170}
		{3489FAE1-B296-477C-8B87-8E1D4A22AB8D} = {6B6D797D-79D0-494B-9BF2-47FDC218790B}
		{91BC247A-D903-49FA-9463-46A8FBFB2F6A} = {6B6D797D-79D0-494B-9BF2-47FDC218790B}
		{E8739AB5-6095-4D67-96E5-B32A31F7DBF8} = {6B6D797D-79D0-494B-9BF2-47FDC218790B}
		{FD84F252-73D6-4A17-ADC4-87FA4AC0CA1C} = {6B6D797D-79D0-494B-9BF2-47FDC218790B}
		{AE04C819-7E9C-4077-A8CA-BBE1DD47550F} = {FFE6BE3A-81B0-40D3-B605-2BC56F0EB170}
		{CE2924E4-BAB0-4C26-AE04-DF7D59B7AEC7} = {AE04C819-7E9C-4077-A8CA-BBE1DD47550F}
		{16116CAB-DC52-42C2-BBAD-0689B45EA898} = {AE04C819-7E9C-4077-A8CA-BBE1DD47550F}
		{02BA175A-1378-49FE-BB8B-6F4305DCE064} = {AE04C819-7E9C-4077-A8CA-BBE1DD47550F}
		{F8DEC5A9-6026-4D17-A1A8-80EE0C79D614} = {AE04C819-7E9C-4077-A8CA-BBE1DD47550F}
		{A02E489D-9E85-458B-91DB-AEE2FE546956} = {FFE6BE3A-81B0-40D3-B605-2BC56F0EB170}
		{56A7E711-7CDE-4025-AB97-4E9B596782DF} = {FFE6BE3A-81B0-40D3-B605-2BC56F0EB170}
	EndGlobalSection
EndGlobal
